
Microsoft Visual Studio Solution File, Format Version 12.00
# Visual Studio Version 17
VisualStudioVersion = 17.14.36705.20 d17.14
MinimumVisualStudioVersion = 10.0.40219.1
Project("{FAE04EC0-301F-11D3-BF4B-00C04F79EFBC}") = "SerialNumberCheckDigit", "SerialNumberCheckDigit\SerialNumberCheckDigit.csproj", "{6ED3A04F-3548-452E-B9F5-82EB395FAB4C}"
EndProject
Global
	GlobalSection(SolutionConfigurationPlatforms) = preSolution
		Debug|Any CPU = Debug|Any CPU
		Release|Any CPU = Release|Any CPU
	EndGlobalSection
	GlobalSection(ProjectConfigurationPlatforms) = postSolution
		{6ED3A04F-3548-452E-B9F5-82EB395FAB4C}.Debug|Any CPU.ActiveCfg = Debug|Any CPU
		{6ED3A04F-3548-452E-B9F5-82EB395FAB4C}.Debug|Any CPU.Build.0 = Debug|Any CPU
		{6ED3A04F-3548-452E-B9F5-82EB395FAB4C}.Release|Any CPU.ActiveCfg = Release|Any CPU
		{6ED3A04F-3548-452E-B9F5-82EB395FAB4C}.Release|Any CPU.Build.0 = Release|Any CPU
	EndGlobalSection
	GlobalSection(SolutionProperties) = preSolution
		HideSolutionNode = FALSE
	EndGlobalSection
	GlobalSection(ExtensibilityGlobals) = postSolution
		SolutionGuid = {277A9063-4B80-46E8-A635-69C7C462796C}
	EndGlobalSection
EndGlobal
